
Microsoft Visual Studio Solution File, Format Version 12.00
# Visual Studio Version 16
VisualStudioVersion = 16.0.30517.126
MinimumVisualStudioVersion = 10.0.40219.1
Project("{FAE04EC0-301F-11D3-BF4B-00C04F79EFBC}") = "Munchies", "Munchies\Munchies.csproj", "{C8EB6A08-8582-4147-986A-5B99CC34BAA4}"
EndProject
Project("{9A19103F-16F7-4668-BE54-9A1E7A4F7556}") = "Munchies.Core", "Munchies\Munchies.Core.csproj", "{92605F9A-EE58-4D70-B4B2-C00BE4471BAF}"
EndProject
Global
	GlobalSection(SolutionConfigurationPlatforms) = preSolution
		CD_ROM|Any CPU = CD_ROM|Any CPU
		Debug|Any CPU = Debug|Any CPU
		DVD-5|Any CPU = DVD-5|Any CPU
		Release|Any CPU = Release|Any CPU
		SingleImage|Any CPU = SingleImage|Any CPU
	EndGlobalSection
	GlobalSection(ProjectConfigurationPlatforms) = postSolution
		{C8EB6A08-8582-4147-986A-5B99CC34BAA4}.CD_ROM|Any CPU.ActiveCfg = Release|Any CPU
		{C8EB6A08-8582-4147-986A-5B99CC34BAA4}.CD_ROM|Any CPU.Build.0 = Release|Any CPU
		{C8EB6A08-8582-4147-986A-5B99CC34BAA4}.Debug|Any CPU.ActiveCfg = Debug|Any CPU
		{C8EB6A08-8582-4147-986A-5B99CC34BAA4}.Debug|Any CPU.Build.0 = Debug|Any CPU
		{C8EB6A08-8582-4147-986A-5B99CC34BAA4}.DVD-5|Any CPU.ActiveCfg = Debug|Any CPU
		{C8EB6A08-8582-4147-986A-5B99CC34BAA4}.DVD-5|Any CPU.Build.0 = Debug|Any CPU
		{C8EB6A08-8582-4147-986A-5B99CC34BAA4}.Release|Any CPU.ActiveCfg = Release|Any CPU
		{C8EB6A08-8582-4147-986A-5B99CC34BAA4}.Release|Any CPU.Build.0 = Release|Any CPU
		{C8EB6A08-8582-4147-986A-5B99CC34BAA4}.SingleImage|Any CPU.ActiveCfg = Release|Any CPU
		{C8EB6A08-8582-4147-986A-5B99CC34BAA4}.SingleImage|Any CPU.Build.0 = Release|Any CPU
		{92605F9A-EE58-4D70-B4B2-C00BE4471BAF}.CD_ROM|Any CPU.ActiveCfg = Release|Any CPU
		{92605F9A-EE58-4D70-B4B2-C00BE4471BAF}.CD_ROM|Any CPU.Build.0 = Release|Any CPU
		{92605F9A-EE58-4D70-B4B2-C00BE4471BAF}.Debug|Any CPU.ActiveCfg = Debug|Any CPU
		{92605F9A-EE58-4D70-B4B2-C00BE4471BAF}.Debug|Any CPU.Build.0 = Debug|Any CPU
		{92605F9A-EE58-4D70-B4B2-C00BE4471BAF}.DVD-5|Any CPU.ActiveCfg = Debug|Any CPU
		{92605F9A-EE58-4D70-B4B2-C00BE4471BAF}.DVD-5|Any CPU.Build.0 = Debug|Any CPU
		{92605F9A-EE58-4D70-B4B2-C00BE4471BAF}.Release|Any CPU.ActiveCfg = Release|Any CPU
		{92605F9A-EE58-4D70-B4B2-C00BE4471BAF}.Release|Any CPU.Build.0 = Release|Any CPU
		{92605F9A-EE58-4D70-B4B2-C00BE4471BAF}.SingleImage|Any CPU.ActiveCfg = Release|Any CPU
		{92605F9A-EE58-4D70-B4B2-C00BE4471BAF}.SingleImage|Any CPU.Build.0 = Release|Any CPU
	EndGlobalSection
	GlobalSection(SolutionProperties) = preSolution
		HideSolutionNode = FALSE
	EndGlobalSection
	GlobalSection(ExtensibilityGlobals) = postSolution
		SolutionGuid = {286038F5-08FE-4D79-8B67-74F23A8A0350}
	EndGlobalSection
EndGlobal
